// !$*UTF8*$!
{
	archiveVersion = 1;
	classes = {
	};
	objectVersion = 55;
	objects = {

/* Begin PBXBuildFile section */
		0B37817327247EB8004381FF /* AppDelegate.swift in Sources */ = {isa = PBXBuildFile; fileRef = 0B37817227247EB8004381FF /* AppDelegate.swift */; };
		0B37817527247EB8004381FF /* SceneDelegate.swift in Sources */ = {isa = PBXBuildFile; fileRef = 0B37817427247EB8004381FF /* SceneDelegate.swift */; };
		0B37817A27247EB8004381FF /* Main.storyboard in Resources */ = {isa = PBXBuildFile; fileRef = 0B37817827247EB8004381FF /* Main.storyboard */; };
		0B37817C27247EBD004381FF /* Assets.xcassets in Resources */ = {isa = PBXBuildFile; fileRef = 0B37817B27247EBD004381FF /* Assets.xcassets */; };
		0B37817F27247EBD004381FF /* LaunchScreen.storyboard in Resources */ = {isa = PBXBuildFile; fileRef = 0B37817D27247EBD004381FF /* LaunchScreen.storyboard */; };
		0B378192272484B8004381FF /* TabBarController.swift in Sources */ = {isa = PBXBuildFile; fileRef = 0B378191272484B8004381FF /* TabBarController.swift */; };
		0B378194272484F4004381FF /* MediaLibraryViewController.swift in Sources */ = {isa = PBXBuildFile; fileRef = 0B378193272484F4004381FF /* MediaLibraryViewController.swift */; };
		0B37819627248528004381FF /* PersonalViewController.swift in Sources */ = {isa = PBXBuildFile; fileRef = 0B37819527248528004381FF /* PersonalViewController.swift */; };
		0B37819827248570004381FF /* AlbumsViewController.swift in Sources */ = {isa = PBXBuildFile; fileRef = 0B37819727248570004381FF /* AlbumsViewController.swift */; };
		0B37819A27248593004381FF /* SearchViewController.swift in Sources */ = {isa = PBXBuildFile; fileRef = 0B37819927248593004381FF /* SearchViewController.swift */; };
		0B37819C27248A09004381FF /* AlbumsModel.swift in Sources */ = {isa = PBXBuildFile; fileRef = 0B37819B27248A09004381FF /* AlbumsModel.swift */; };
		0B3781A627248C46004381FF /* FirstSectionCell.swift in Sources */ = {isa = PBXBuildFile; fileRef = 0B3781A527248C46004381FF /* FirstSectionCell.swift */; };
		0B3781A827248C53004381FF /* FirstSectionHeader.swift in Sources */ = {isa = PBXBuildFile; fileRef = 0B3781A727248C53004381FF /* FirstSectionHeader.swift */; };
		0B3781AA27248DC6004381FF /* AlbumsDataSource.swift in Sources */ = {isa = PBXBuildFile; fileRef = 0B3781A927248DC6004381FF /* AlbumsDataSource.swift */; };
		0B3781AC272494C8004381FF /* SecondSectionCell.swift in Sources */ = {isa = PBXBuildFile; fileRef = 0B3781AB272494C8004381FF /* SecondSectionCell.swift */; };
		0B3781AE272494D7004381FF /* SecondSectionHeader.swift in Sources */ = {isa = PBXBuildFile; fileRef = 0B3781AD272494D7004381FF /* SecondSectionHeader.swift */; };
		0B3781B027249C46004381FF /* ThirdSectionCell.swift in Sources */ = {isa = PBXBuildFile; fileRef = 0B3781AF27249C46004381FF /* ThirdSectionCell.swift */; };
		0B3781B227249C57004381FF /* ThirdSectionHeader.swift in Sources */ = {isa = PBXBuildFile; fileRef = 0B3781B127249C57004381FF /* ThirdSectionHeader.swift */; };
		0B3781B427249FC1004381FF /* FourthSectionCell.swift in Sources */ = {isa = PBXBuildFile; fileRef = 0B3781B327249FC1004381FF /* FourthSectionCell.swift */; };
		0B3781B627249FD1004381FF /* FourthSectionHeader.swift in Sources */ = {isa = PBXBuildFile; fileRef = 0B3781B527249FD1004381FF /* FourthSectionHeader.swift */; };
/* End PBXBuildFile section */

/* Begin PBXFileReference section */
		0B37816F27247EB8004381FF /* AlbumsCollectionProject.app */ = {isa = PBXFileReference; explicitFileType = wrapper.application; includeInIndex = 0; path = AlbumsCollectionProject.app; sourceTree = BUILT_PRODUCTS_DIR; };
		0B37817227247EB8004381FF /* AppDelegate.swift */ = {isa = PBXFileReference; lastKnownFileType = sourcecode.swift; path = AppDelegate.swift; sourceTree = "<group>"; };
		0B37817427247EB8004381FF /* SceneDelegate.swift */ = {isa = PBXFileReference; lastKnownFileType = sourcecode.swift; path = SceneDelegate.swift; sourceTree = "<group>"; };
		0B37817927247EB8004381FF /* Base */ = {isa = PBXFileReference; lastKnownFileType = file.storyboard; name = Base; path = Base.lproj/Main.storyboard; sourceTree = "<group>"; };
		0B37817B27247EBD004381FF /* Assets.xcassets */ = {isa = PBXFileReference; lastKnownFileType = folder.assetcatalog; path = Assets.xcassets; sourceTree = "<group>"; };
		0B37817E27247EBD004381FF /* Base */ = {isa = PBXFileReference; lastKnownFileType = file.storyboard; name = Base; path = Base.lproj/LaunchScreen.storyboard; sourceTree = "<group>"; };
		0B37818027247EBD004381FF /* Info.plist */ = {isa = PBXFileReference; lastKnownFileType = text.plist.xml; path = Info.plist; sourceTree = "<group>"; };
		0B378191272484B8004381FF /* TabBarController.swift */ = {isa = PBXFileReference; lastKnownFileType = sourcecode.swift; path = TabBarController.swift; sourceTree = "<group>"; };
		0B378193272484F4004381FF /* MediaLibraryViewController.swift */ = {isa = PBXFileReference; lastKnownFileType = sourcecode.swift; path = MediaLibraryViewController.swift; sourceTree = "<group>"; };
		0B37819527248528004381FF /* PersonalViewController.swift */ = {isa = PBXFileReference; lastKnownFileType = sourcecode.swift; path = PersonalViewController.swift; sourceTree = "<group>"; };
		0B37819727248570004381FF /* AlbumsViewController.swift */ = {isa = PBXFileReference; lastKnownFileType = sourcecode.swift; path = AlbumsViewController.swift; sourceTree = "<group>"; };
		0B37819927248593004381FF /* SearchViewController.swift */ = {isa = PBXFileReference; lastKnownFileType = sourcecode.swift; path = SearchViewController.swift; sourceTree = "<group>"; };
		0B37819B27248A09004381FF /* AlbumsModel.swift */ = {isa = PBXFileReference; lastKnownFileType = sourcecode.swift; path = AlbumsModel.swift; sourceTree = "<group>"; };
		0B3781A527248C46004381FF /* FirstSectionCell.swift */ = {isa = PBXFileReference; lastKnownFileType = sourcecode.swift; path = FirstSectionCell.swift; sourceTree = "<group>"; };
		0B3781A727248C53004381FF /* FirstSectionHeader.swift */ = {isa = PBXFileReference; lastKnownFileType = sourcecode.swift; path = FirstSectionHeader.swift; sourceTree = "<group>"; };
		0B3781A927248DC6004381FF /* AlbumsDataSource.swift */ = {isa = PBXFileReference; lastKnownFileType = sourcecode.swift; path = AlbumsDataSource.swift; sourceTree = "<group>"; };
		0B3781AB272494C8004381FF /* SecondSectionCell.swift */ = {isa = PBXFileReference; lastKnownFileType = sourcecode.swift; path = SecondSectionCell.swift; sourceTree = "<group>"; };
		0B3781AD272494D7004381FF /* SecondSectionHeader.swift */ = {isa = PBXFileReference; lastKnownFileType = sourcecode.swift; path = SecondSectionHeader.swift; sourceTree = "<group>"; };
		0B3781AF27249C46004381FF /* ThirdSectionCell.swift */ = {isa = PBXFileReference; lastKnownFileType = sourcecode.swift; path = ThirdSectionCell.swift; sourceTree = "<group>"; };
		0B3781B127249C57004381FF /* ThirdSectionHeader.swift */ = {isa = PBXFileReference; lastKnownFileType = sourcecode.swift; path = ThirdSectionHeader.swift; sourceTree = "<group>"; };
		0B3781B327249FC1004381FF /* FourthSectionCell.swift */ = {isa = PBXFileReference; lastKnownFileType = sourcecode.swift; path = FourthSectionCell.swift; sourceTree = "<group>"; };
		0B3781B527249FD1004381FF /* FourthSectionHeader.swift */ = {isa = PBXFileReference; lastKnownFileType = sourcecode.swift; path = FourthSectionHeader.swift; sourceTree = "<group>"; };
/* End PBXFileReference section */

/* Begin PBXFrameworksBuildPhase section */
		0B37816C27247EB8004381FF /* Frameworks */ = {
			isa = PBXFrameworksBuildPhase;
			buildActionMask = 2147483647;
			files = (
			);
			runOnlyForDeploymentPostprocessing = 0;
		};
/* End PBXFrameworksBuildPhase section */

/* Begin PBXGroup section */
		0B37816627247EB8004381FF = {
			isa = PBXGroup;
			children = (
				0B37817127247EB8004381FF /* AlbumsCollectionProject */,
				0B37817027247EB8004381FF /* Products */,
			);
			sourceTree = "<group>";
		};
		0B37817027247EB8004381FF /* Products */ = {
			isa = PBXGroup;
			children = (
				0B37816F27247EB8004381FF /* AlbumsCollectionProject.app */,
			);
			name = Products;
			sourceTree = "<group>";
		};
		0B37817127247EB8004381FF /* AlbumsCollectionProject */ = {
			isa = PBXGroup;
			children = (
				0B378188272482D2004381FF /* Resources */,
				0B378189272482FE004381FF /* Sources */,
			);
			path = AlbumsCollectionProject;
			sourceTree = "<group>";
		};
		0B3781862724822F004381FF /* App */ = {
			isa = PBXGroup;
			children = (
				0B37817227247EB8004381FF /* AppDelegate.swift */,
				0B37817427247EB8004381FF /* SceneDelegate.swift */,
			);
			path = App;
			sourceTree = "<group>";
		};
		0B37818727248297004381FF /* Modules */ = {
			isa = PBXGroup;
			children = (
				0B3781902724843C004381FF /* TabBar */,
				0B37818D2724838E004381FF /* MediaLibrary */,
				0B37818A27248372004381FF /* Albums */,
				0B37818C2724837F004381FF /* Personal */,
				0B37818B27248377004381FF /* Search */,
			);
			path = Modules;
			sourceTree = "<group>";
		};
		0B378188272482D2004381FF /* Resources */ = {
			isa = PBXGroup;
			children = (
				0B37817827247EB8004381FF /* Main.storyboard */,
				0B37817B27247EBD004381FF /* Assets.xcassets */,
				0B37817D27247EBD004381FF /* LaunchScreen.storyboard */,
				0B37818027247EBD004381FF /* Info.plist */,
			);
			name = Resources;
			sourceTree = "<group>";
		};
		0B378189272482FE004381FF /* Sources */ = {
			isa = PBXGroup;
			children = (
				0B3781862724822F004381FF /* App */,
				0B37818727248297004381FF /* Modules */,
			);
			path = Sources;
			sourceTree = "<group>";
		};
		0B37818A27248372004381FF /* Albums */ = {
			isa = PBXGroup;
			children = (
				0B37818E272483D9004381FF /* Model */,
				0B37818F272483E0004381FF /* View */,
			);
			path = Albums;
			sourceTree = "<group>";
		};
		0B37818B27248377004381FF /* Search */ = {
			isa = PBXGroup;
			children = (
				0B37819927248593004381FF /* SearchViewController.swift */,
			);
			path = Search;
			sourceTree = "<group>";
		};
		0B37818C2724837F004381FF /* Personal */ = {
			isa = PBXGroup;
			children = (
				0B37819527248528004381FF /* PersonalViewController.swift */,
			);
			path = Personal;
			sourceTree = "<group>";
		};
		0B37818D2724838E004381FF /* MediaLibrary */ = {
			isa = PBXGroup;
			children = (
				0B378193272484F4004381FF /* MediaLibraryViewController.swift */,
			);
			path = MediaLibrary;
			sourceTree = "<group>";
		};
		0B37818E272483D9004381FF /* Model */ = {
			isa = PBXGroup;
			children = (
				0B37819B27248A09004381FF /* AlbumsModel.swift */,
			);
			path = Model;
			sourceTree = "<group>";
		};
		0B37818F272483E0004381FF /* View */ = {
			isa = PBXGroup;
			children = (
				0B37819727248570004381FF /* AlbumsViewController.swift */,
				0B3781A927248DC6004381FF /* AlbumsDataSource.swift */,
				0B37819D27248BA5004381FF /* Sections */,
			);
			path = View;
			sourceTree = "<group>";
		};
		0B3781902724843C004381FF /* TabBar */ = {
			isa = PBXGroup;
			children = (
				0B378191272484B8004381FF /* TabBarController.swift */,
			);
			path = TabBar;
			sourceTree = "<group>";
		};
		0B37819D27248BA5004381FF /* Sections */ = {
			isa = PBXGroup;
			children = (
				0B3781A227248BFC004381FF /* First */,
				0B3781A327248C02004381FF /* Second */,
				0B3781A127248BEF004381FF /* Third */,
				0B3781A427248C0A004381FF /* Fourth */,
			);
			path = Sections;
			sourceTree = "<group>";
		};
		0B3781A127248BEF004381FF /* Third */ = {
			isa = PBXGroup;
			children = (
				0B3781AF27249C46004381FF /* ThirdSectionCell.swift */,
				0B3781B127249C57004381FF /* ThirdSectionHeader.swift */,
			);
			path = Third;
			sourceTree = "<group>";
		};
		0B3781A227248BFC004381FF /* First */ = {
			isa = PBXGroup;
			children = (
				0B3781A527248C46004381FF /* FirstSectionCell.swift */,
				0B3781A727248C53004381FF /* FirstSectionHeader.swift */,
			);
			path = First;
			sourceTree = "<group>";
		};
		0B3781A327248C02004381FF /* Second */ = {
			isa = PBXGroup;
			children = (
				0B3781AB272494C8004381FF /* SecondSectionCell.swift */,
				0B3781AD272494D7004381FF /* SecondSectionHeader.swift */,
			);
			path = Second;
			sourceTree = "<group>";
		};
		0B3781A427248C0A004381FF /* Fourth */ = {
			isa = PBXGroup;
			children = (
				0B3781B327249FC1004381FF /* FourthSectionCell.swift */,
				0B3781B527249FD1004381FF /* FourthSectionHeader.swift */,
			);
			path = Fourth;
			sourceTree = "<group>";
		};
/* End PBXGroup section */

/* Begin PBXNativeTarget section */
		0B37816E27247EB8004381FF /* AlbumsCollectionProject */ = {
			isa = PBXNativeTarget;
			buildConfigurationList = 0B37818327247EBD004381FF /* Build configuration list for PBXNativeTarget "AlbumsCollectionProject" */;
			buildPhases = (
				0B37816B27247EB8004381FF /* Sources */,
				0B37816C27247EB8004381FF /* Frameworks */,
				0B37816D27247EB8004381FF /* Resources */,
			);
			buildRules = (
			);
			dependencies = (
			);
			name = AlbumsCollectionProject;
			productName = AlbumsCollectionProject;
			productReference = 0B37816F27247EB8004381FF /* AlbumsCollectionProject.app */;
			productType = "com.apple.product-type.application";
		};
/* End PBXNativeTarget section */

/* Begin PBXProject section */
		0B37816727247EB8004381FF /* Project object */ = {
			isa = PBXProject;
			attributes = {
				BuildIndependentTargetsInParallel = 1;
				LastSwiftUpdateCheck = 1300;
				LastUpgradeCheck = 1300;
				TargetAttributes = {
					0B37816E27247EB8004381FF = {
						CreatedOnToolsVersion = 13.0;
					};
				};
			};
			buildConfigurationList = 0B37816A27247EB8004381FF /* Build configuration list for PBXProject "AlbumsCollectionProject" */;
			compatibilityVersion = "Xcode 13.0";
			developmentRegion = en;
			hasScannedForEncodings = 0;
			knownRegions = (
				en,
				Base,
			);
			mainGroup = 0B37816627247EB8004381FF;
			productRefGroup = 0B37817027247EB8004381FF /* Products */;
			projectDirPath = "";
			projectRoot = "";
			targets = (
				0B37816E27247EB8004381FF /* AlbumsCollectionProject */,
			);
		};
/* End PBXProject section */

/* Begin PBXResourcesBuildPhase section */
		0B37816D27247EB8004381FF /* Resources */ = {
			isa = PBXResourcesBuildPhase;
			buildActionMask = 2147483647;
			files = (
				0B37817F27247EBD004381FF /* LaunchScreen.storyboard in Resources */,
				0B37817C27247EBD004381FF /* Assets.xcassets in Resources */,
				0B37817A27247EB8004381FF /* Main.storyboard in Resources */,
			);
			runOnlyForDeploymentPostprocessing = 0;
		};
/* End PBXResourcesBuildPhase section */

/* Begin PBXSourcesBuildPhase section */
		0B37816B27247EB8004381FF /* Sources */ = {
			isa = PBXSourcesBuildPhase;
			buildActionMask = 2147483647;
			files = (
				0B3781B227249C57004381FF /* ThirdSectionHeader.swift in Sources */,
				0B378192272484B8004381FF /* TabBarController.swift in Sources */,
				0B37819C27248A09004381FF /* AlbumsModel.swift in Sources */,
				0B3781A627248C46004381FF /* FirstSectionCell.swift in Sources */,
				0B37819A27248593004381FF /* SearchViewController.swift in Sources */,
				0B37817327247EB8004381FF /* AppDelegate.swift in Sources */,
				0B3781AE272494D7004381FF /* SecondSectionHeader.swift in Sources */,
				0B3781A827248C53004381FF /* FirstSectionHeader.swift in Sources */,
				0B3781AA27248DC6004381FF /* AlbumsDataSource.swift in Sources */,
				0B3781B627249FD1004381FF /* FourthSectionHeader.swift in Sources */,
				0B37819827248570004381FF /* AlbumsViewController.swift in Sources */,
				0B37817527247EB8004381FF /* SceneDelegate.swift in Sources */,
				0B37819627248528004381FF /* PersonalViewController.swift in Sources */,
				0B378194272484F4004381FF /* MediaLibraryViewController.swift in Sources */,
				0B3781AC272494C8004381FF /* SecondSectionCell.swift in Sources */,
				0B3781B027249C46004381FF /* ThirdSectionCell.swift in Sources */,
				0B3781B427249FC1004381FF /* FourthSectionCell.swift in Sources */,
			);
			runOnlyForDeploymentPostprocessing = 0;
		};
/* End PBXSourcesBuildPhase section */

/* Begin PBXVariantGroup section */
		0B37817827247EB8004381FF /* Main.storyboard */ = {
			isa = PBXVariantGroup;
			children = (
				0B37817927247EB8004381FF /* Base */,
			);
			name = Main.storyboard;
			sourceTree = "<group>";
		};
		0B37817D27247EBD004381FF /* LaunchScreen.storyboard */ = {
			isa = PBXVariantGroup;
			children = (
				0B37817E27247EBD004381FF /* Base */,
			);
			name = LaunchScreen.storyboard;
			sourceTree = "<group>";
		};
/* End PBXVariantGroup section */

/* Begin XCBuildConfiguration section */
		0B37818127247EBD004381FF /* Debug */ = {
			isa = XCBuildConfiguration;
			buildSettings = {
				ALWAYS_SEARCH_USER_PATHS = NO;
				CLANG_ANALYZER_NONNULL = YES;
				CLANG_ANALYZER_NUMBER_OBJECT_CONVERSION = YES_AGGRESSIVE;
				CLANG_CXX_LANGUAGE_STANDARD = "gnu++17";
				CLANG_CXX_LIBRARY = "libc++";
				CLANG_ENABLE_MODULES = YES;
				CLANG_ENABLE_OBJC_ARC = YES;
				CLANG_ENABLE_OBJC_WEAK = YES;
				CLANG_WARN_BLOCK_CAPTURE_AUTORELEASING = YES;
				CLANG_WARN_BOOL_CONVERSION = YES;
				CLANG_WARN_COMMA = YES;
				CLANG_WARN_CONSTANT_CONVERSION = YES;
				CLANG_WARN_DEPRECATED_OBJC_IMPLEMENTATIONS = YES;
				CLANG_WARN_DIRECT_OBJC_ISA_USAGE = YES_ERROR;
				CLANG_WARN_DOCUMENTATION_COMMENTS = YES;
				CLANG_WARN_EMPTY_BODY = YES;
				CLANG_WARN_ENUM_CONVERSION = YES;
				CLANG_WARN_INFINITE_RECURSION = YES;
				CLANG_WARN_INT_CONVERSION = YES;
				CLANG_WARN_NON_LITERAL_NULL_CONVERSION = YES;
				CLANG_WARN_OBJC_IMPLICIT_RETAIN_SELF = YES;
				CLANG_WARN_OBJC_LITERAL_CONVERSION = YES;
				CLANG_WARN_OBJC_ROOT_CLASS = YES_ERROR;
				CLANG_WARN_QUOTED_INCLUDE_IN_FRAMEWORK_HEADER = YES;
				CLANG_WARN_RANGE_LOOP_ANALYSIS = YES;
				CLANG_WARN_STRICT_PROTOTYPES = YES;
				CLANG_WARN_SUSPICIOUS_MOVE = YES;
				CLANG_WARN_UNGUARDED_AVAILABILITY = YES_AGGRESSIVE;
				CLANG_WARN_UNREACHABLE_CODE = YES;
				CLANG_WARN__DUPLICATE_METHOD_MATCH = YES;
				COPY_PHASE_STRIP = NO;
				DEBUG_INFORMATION_FORMAT = dwarf;
				ENABLE_STRICT_OBJC_MSGSEND = YES;
				ENABLE_TESTABILITY = YES;
				GCC_C_LANGUAGE_STANDARD = gnu11;
				GCC_DYNAMIC_NO_PIC = NO;
				GCC_NO_COMMON_BLOCKS = YES;
				GCC_OPTIMIZATION_LEVEL = 0;
				GCC_PREPROCESSOR_DEFINITIONS = (
					"DEBUG=1",
					"$(inherited)",
				);
				GCC_WARN_64_TO_32_BIT_CONVERSION = YES;
				GCC_WARN_ABOUT_RETURN_TYPE = YES_ERROR;
				GCC_WARN_UNDECLARED_SELECTOR = YES;
				GCC_WARN_UNINITIALIZED_AUTOS = YES_AGGRESSIVE;
				GCC_WARN_UNUSED_FUNCTION = YES;
				GCC_WARN_UNUSED_VARIABLE = YES;
				IPHONEOS_DEPLOYMENT_TARGET = 15.0;
				MTL_ENABLE_DEBUG_INFO = INCLUDE_SOURCE;
				MTL_FAST_MATH = YES;
				ONLY_ACTIVE_ARCH = YES;
				SDKROOT = iphoneos;
				SWIFT_ACTIVE_COMPILATION_CONDITIONS = DEBUG;
				SWIFT_OPTIMIZATION_LEVEL = "-Onone";
			};
			name = Debug;
		};
		0B37818227247EBD004381FF /* Release */ = {
			isa = XCBuildConfiguration;
			buildSettings = {
				ALWAYS_SEARCH_USER_PATHS = NO;
				CLANG_ANALYZER_NONNULL = YES;
				CLANG_ANALYZER_NUMBER_OBJECT_CONVERSION = YES_AGGRESSIVE;
				CLANG_CXX_LANGUAGE_STANDARD = "gnu++17";
				CLANG_CXX_LIBRARY = "libc++";
				CLANG_ENABLE_MODULES = YES;
				CLANG_ENABLE_OBJC_ARC = YES;
				CLANG_ENABLE_OBJC_WEAK = YES;
				CLANG_WARN_BLOCK_CAPTURE_AUTORELEASING = YES;
				CLANG_WARN_BOOL_CONVERSION = YES;
				CLANG_WARN_COMMA = YES;
				CLANG_WARN_CONSTANT_CONVERSION = YES;
				CLANG_WARN_DEPRECATED_OBJC_IMPLEMENTATIONS = YES;
				CLANG_WARN_DIRECT_OBJC_ISA_USAGE = YES_ERROR;
				CLANG_WARN_DOCUMENTATION_COMMENTS = YES;
				CLANG_WARN_EMPTY_BODY = YES;
				CLANG_WARN_ENUM_CONVERSION = YES;
				CLANG_WARN_INFINITE_RECURSION = YES;
				CLANG_WARN_INT_CONVERSION = YES;
				CLANG_WARN_NON_LITERAL_NULL_CONVERSION = YES;
				CLANG_WARN_OBJC_IMPLICIT_RETAIN_SELF = YES;
				CLANG_WARN_OBJC_LITERAL_CONVERSION = YES;
				CLANG_WARN_OBJC_ROOT_CLASS = YES_ERROR;
				CLANG_WARN_QUOTED_INCLUDE_IN_FRAMEWORK_HEADER = YES;
				CLANG_WARN_RANGE_LOOP_ANALYSIS = YES;
				CLANG_WARN_STRICT_PROTOTYPES = YES;
				CLANG_WARN_SUSPICIOUS_MOVE = YES;
				CLANG_WARN_UNGUARDED_AVAILABILITY = YES_AGGRESSIVE;
				CLANG_WARN_UNREACHABLE_CODE = YES;
				CLANG_WARN__DUPLICATE_METHOD_MATCH = YES;
				COPY_PHASE_STRIP = NO;
				DEBUG_INFORMATION_FORMAT = "dwarf-with-dsym";
				ENABLE_NS_ASSERTIONS = NO;
				ENABLE_STRICT_OBJC_MSGSEND = YES;
				GCC_C_LANGUAGE_STANDARD = gnu11;
				GCC_NO_COMMON_BLOCKS = YES;
				GCC_WARN_64_TO_32_BIT_CONVERSION = YES;
				GCC_WARN_ABOUT_RETURN_TYPE = YES_ERROR;
				GCC_WARN_UNDECLARED_SELECTOR = YES;
				GCC_WARN_UNINITIALIZED_AUTOS = YES_AGGRESSIVE;
				GCC_WARN_UNUSED_FUNCTION = YES;
				GCC_WARN_UNUSED_VARIABLE = YES;
				IPHONEOS_DEPLOYMENT_TARGET = 15.0;
				MTL_ENABLE_DEBUG_INFO = NO;
				MTL_FAST_MATH = YES;
				SDKROOT = iphoneos;
				SWIFT_COMPILATION_MODE = wholemodule;
				SWIFT_OPTIMIZATION_LEVEL = "-O";
				VALIDATE_PRODUCT = YES;
			};
			name = Release;
		};
		0B37818427247EBD004381FF /* Debug */ = {
			isa = XCBuildConfiguration;
			buildSettings = {
				ASSETCATALOG_COMPILER_APPICON_NAME = AppIcon;
				ASSETCATALOG_COMPILER_GLOBAL_ACCENT_COLOR_NAME = AccentColor;
				CODE_SIGN_STYLE = Automatic;
				CURRENT_PROJECT_VERSION = 1;
				DEVELOPMENT_TEAM = XX3V83W7QP;
				GENERATE_INFOPLIST_FILE = YES;
				INFOPLIST_FILE = AlbumsCollectionProject/Info.plist;
				INFOPLIST_KEY_UIApplicationSupportsIndirectInputEvents = YES;
				INFOPLIST_KEY_UILaunchStoryboardName = LaunchScreen;
				INFOPLIST_KEY_UIMainStoryboardFile = Main;
				INFOPLIST_KEY_UISupportedInterfaceOrientations_iPad = "UIInterfaceOrientationPortrait UIInterfaceOrientationPortraitUpsideDown UIInterfaceOrientationLandscapeLeft UIInterfaceOrientationLandscapeRight";
				INFOPLIST_KEY_UISupportedInterfaceOrientations_iPhone = "UIInterfaceOrientationPortrait UIInterfaceOrientationLandscapeLeft UIInterfaceOrientationLandscapeRight";
				LD_RUNPATH_SEARCH_PATHS = (
					"$(inherited)",
					"@executable_path/Frameworks",
				);
				MARKETING_VERSION = 1.0;
				PRODUCT_BUNDLE_IDENTIFIER = com.my.AlbumsCollectionProject;
				PRODUCT_NAME = "$(TARGET_NAME)";
				SWIFT_EMIT_LOC_STRINGS = YES;
				SWIFT_VERSION = 5.0;
				TARGETED_DEVICE_FAMILY = "1,2";
			};
			name = Debug;
		};
		0B37818527247EBD004381FF /* Release */ = {
			isa = XCBuildConfiguration;
			buildSettings = {
				ASSETCATALOG_COMPILER_APPICON_NAME = AppIcon;
				ASSETCATALOG_COMPILER_GLOBAL_ACCENT_COLOR_NAME = AccentColor;
				CODE_SIGN_STYLE = Automatic;
				CURRENT_PROJECT_VERSION = 1;
				DEVELOPMENT_TEAM = XX3V83W7QP;
				GENERATE_INFOPLIST_FILE = YES;
				INFOPLIST_FILE = AlbumsCollectionProject/Info.plist;
				INFOPLIST_KEY_UIApplicationSupportsIndirectInputEvents = YES;
				INFOPLIST_KEY_UILaunchStoryboardName = LaunchScreen;
				INFOPLIST_KEY_UIMainStoryboardFile = Main;
				INFOPLIST_KEY_UISupportedInterfaceOrientations_iPad = "UIInterfaceOrientationPortrait UIInterfaceOrientationPortraitUpsideDown UIInterfaceOrientationLandscapeLeft UIInterfaceOrientationLandscapeRight";
				INFOPLIST_KEY_UISupportedInterfaceOrientations_iPhone = "UIInterfaceOrientationPortrait UIInterfaceOrientationLandscapeLeft UIInterfaceOrientationLandscapeRight";
				LD_RUNPATH_SEARCH_PATHS = (
					"$(inherited)",
					"@executable_path/Frameworks",
				);
				MARKETING_VERSION = 1.0;
				PRODUCT_BUNDLE_IDENTIFIER = com.my.AlbumsCollectionProject;
				PRODUCT_NAME = "$(TARGET_NAME)";
				SWIFT_EMIT_LOC_STRINGS = YES;
				SWIFT_VERSION = 5.0;
				TARGETED_DEVICE_FAMILY = "1,2";
			};
			name = Release;
		};
/* End XCBuildConfiguration section */

/* Begin XCConfigurationList section */
		0B37816A27247EB8004381FF /* Build configuration list for PBXProject "AlbumsCollectionProject" */ = {
			isa = XCConfigurationList;
			buildConfigurations = (
				0B37818127247EBD004381FF /* Debug */,
				0B37818227247EBD004381FF /* Release */,
			);
			defaultConfigurationIsVisible = 0;
			defaultConfigurationName = Release;
		};
		0B37818327247EBD004381FF /* Build configuration list for PBXNativeTarget "AlbumsCollectionProject" */ = {
			isa = XCConfigurationList;
			buildConfigurations = (
				0B37818427247EBD004381FF /* Debug */,
				0B37818527247EBD004381FF /* Release */,
			);
			defaultConfigurationIsVisible = 0;
			defaultConfigurationName = Release;
		};
/* End XCConfigurationList section */
	};
	rootObject = 0B37816727247EB8004381FF /* Project object */;
}
